
Microsoft Visual Studio Solution File, Format Version 12.00
# Visual Studio Version 17
VisualStudioVersion = 17.11.35303.130
MinimumVisualStudioVersion = 10.0.40219.1
Project("{FAE04EC0-301F-11D3-BF4B-00C04F79EFBC}") = "task0701", "task0701.csproj", "{2C628D15-96EB-4E06-807F-42AC4ECF6494}"
EndProject
Global
	GlobalSection(SolutionConfigurationPlatforms) = preSolution
		Debug|Any CPU = Debug|Any CPU
		Release|Any CPU = Release|Any CPU
	EndGlobalSection
	GlobalSection(ProjectConfigurationPlatforms) = postSolution
		{2C628D15-96EB-4E06-807F-42AC4ECF6494}.Debug|Any CPU.ActiveCfg = Debug|Any CPU
		{2C628D15-96EB-4E06-807F-42AC4ECF6494}.Debug|Any CPU.Build.0 = Debug|Any CPU
		{2C628D15-96EB-4E06-807F-42AC4ECF6494}.Release|Any CPU.ActiveCfg = Release|Any CPU
		{2C628D15-96EB-4E06-807F-42AC4ECF6494}.Release|Any CPU.Build.0 = Release|Any CPU
	EndGlobalSection
	GlobalSection(SolutionProperties) = preSolution
		HideSolutionNode = FALSE
	EndGlobalSection
	GlobalSection(ExtensibilityGlobals) = postSolution
		SolutionGuid = {E9D5697B-49CD-4AC8-98D9-716E9280305D}
	EndGlobalSection
EndGlobal
