
Microsoft Visual Studio Solution File, Format Version 12.00
# Visual Studio Version 17
VisualStudioVersion = 17.11.35303.130
MinimumVisualStudioVersion = 10.0.40219.1
Project("{FAE04EC0-301F-11D3-BF4B-00C04F79EFBC}") = "exam", "exam.csproj", "{E53EF659-CB5F-4985-9D0D-3FB3CBAF4973}"
EndProject
Global
	GlobalSection(SolutionConfigurationPlatforms) = preSolution
		Debug|Any CPU = Debug|Any CPU
		Release|Any CPU = Release|Any CPU
	EndGlobalSection
	GlobalSection(ProjectConfigurationPlatforms) = postSolution
		{E53EF659-CB5F-4985-9D0D-3FB3CBAF4973}.Debug|Any CPU.ActiveCfg = Debug|Any CPU
		{E53EF659-CB5F-4985-9D0D-3FB3CBAF4973}.Debug|Any CPU.Build.0 = Debug|Any CPU
		{E53EF659-CB5F-4985-9D0D-3FB3CBAF4973}.Release|Any CPU.ActiveCfg = Release|Any CPU
		{E53EF659-CB5F-4985-9D0D-3FB3CBAF4973}.Release|Any CPU.Build.0 = Release|Any CPU
	EndGlobalSection
	GlobalSection(SolutionProperties) = preSolution
		HideSolutionNode = FALSE
	EndGlobalSection
	GlobalSection(ExtensibilityGlobals) = postSolution
		SolutionGuid = {EBF852D5-2CCF-41D9-8328-D45CFC009632}
	EndGlobalSection
EndGlobal
