
Microsoft Visual Studio Solution File, Format Version 12.00
# Visual Studio Version 17
VisualStudioVersion = 17.11.35303.130
MinimumVisualStudioVersion = 10.0.40219.1
Project("{FAE04EC0-301F-11D3-BF4B-00C04F79EFBC}") = "task0703", "task0703.csproj", "{096F72CD-CD7D-4058-A3FF-B7C332B2AB7A}"
EndProject
Global
	GlobalSection(SolutionConfigurationPlatforms) = preSolution
		Debug|Any CPU = Debug|Any CPU
		Release|Any CPU = Release|Any CPU
	EndGlobalSection
	GlobalSection(ProjectConfigurationPlatforms) = postSolution
		{096F72CD-CD7D-4058-A3FF-B7C332B2AB7A}.Debug|Any CPU.ActiveCfg = Debug|Any CPU
		{096F72CD-CD7D-4058-A3FF-B7C332B2AB7A}.Debug|Any CPU.Build.0 = Debug|Any CPU
		{096F72CD-CD7D-4058-A3FF-B7C332B2AB7A}.Release|Any CPU.ActiveCfg = Release|Any CPU
		{096F72CD-CD7D-4058-A3FF-B7C332B2AB7A}.Release|Any CPU.Build.0 = Release|Any CPU
	EndGlobalSection
	GlobalSection(SolutionProperties) = preSolution
		HideSolutionNode = FALSE
	EndGlobalSection
	GlobalSection(ExtensibilityGlobals) = postSolution
		SolutionGuid = {C027F261-2E84-4320-AE5C-0C8E69D48D7D}
	EndGlobalSection
EndGlobal
