
Microsoft Visual Studio Solution File, Format Version 12.00
# Visual Studio Version 17
VisualStudioVersion = 17.11.35303.130
MinimumVisualStudioVersion = 10.0.40219.1
Project("{FAE04EC0-301F-11D3-BF4B-00C04F79EFBC}") = "task10.4", "task10.4.csproj", "{3F150B46-F2B2-414D-88C8-3BFE390EACE3}"
EndProject
Global
	GlobalSection(SolutionConfigurationPlatforms) = preSolution
		Debug|Any CPU = Debug|Any CPU
		Release|Any CPU = Release|Any CPU
	EndGlobalSection
	GlobalSection(ProjectConfigurationPlatforms) = postSolution
		{3F150B46-F2B2-414D-88C8-3BFE390EACE3}.Debug|Any CPU.ActiveCfg = Debug|Any CPU
		{3F150B46-F2B2-414D-88C8-3BFE390EACE3}.Debug|Any CPU.Build.0 = Debug|Any CPU
		{3F150B46-F2B2-414D-88C8-3BFE390EACE3}.Release|Any CPU.ActiveCfg = Release|Any CPU
		{3F150B46-F2B2-414D-88C8-3BFE390EACE3}.Release|Any CPU.Build.0 = Release|Any CPU
	EndGlobalSection
	GlobalSection(SolutionProperties) = preSolution
		HideSolutionNode = FALSE
	EndGlobalSection
	GlobalSection(ExtensibilityGlobals) = postSolution
		SolutionGuid = {4B618B21-8B42-4121-B459-119B8F435542}
	EndGlobalSection
EndGlobal
