
Microsoft Visual Studio Solution File, Format Version 12.00
# Visual Studio Version 17
VisualStudioVersion = 17.11.35303.130
MinimumVisualStudioVersion = 10.0.40219.1
Project("{FAE04EC0-301F-11D3-BF4B-00C04F79EFBC}") = "Task5", "Task5.csproj", "{A74C9786-3A35-45C4-B2B2-A25331920605}"
EndProject
Global
	GlobalSection(SolutionConfigurationPlatforms) = preSolution
		Debug|Any CPU = Debug|Any CPU
		Release|Any CPU = Release|Any CPU
	EndGlobalSection
	GlobalSection(ProjectConfigurationPlatforms) = postSolution
		{A74C9786-3A35-45C4-B2B2-A25331920605}.Debug|Any CPU.ActiveCfg = Debug|Any CPU
		{A74C9786-3A35-45C4-B2B2-A25331920605}.Debug|Any CPU.Build.0 = Debug|Any CPU
		{A74C9786-3A35-45C4-B2B2-A25331920605}.Release|Any CPU.ActiveCfg = Release|Any CPU
		{A74C9786-3A35-45C4-B2B2-A25331920605}.Release|Any CPU.Build.0 = Release|Any CPU
	EndGlobalSection
	GlobalSection(SolutionProperties) = preSolution
		HideSolutionNode = FALSE
	EndGlobalSection
	GlobalSection(ExtensibilityGlobals) = postSolution
		SolutionGuid = {37521CF4-CE7A-442B-A95A-988767DE0F0A}
	EndGlobalSection
EndGlobal
